{
    "_meta": {
        "hash": {
            "sha256": "c17beb23915a853b07488d99f63f4b7366711f670a5817bcfed908cd9f42f96d"
        },
        "pipfile-spec": 6,
        "requires": {
            "python_version": "3.9.2"
        },
        "sources": [
            {
                "name": "pypi",
                "url": "https://pypi.org/simple",
                "verify_ssl": true
            }
        ]
    },
    "default": {
        "alembic": {
            "hashes": [
                "sha256:2edcc97bed0bd3272611ce3a98d98279e9c209e7186e43e75bbb1b2bdfdbcc43",
                "sha256:4932c8558bf68f2ee92b9bbcb8218671c627064d5b08939437af6d77dc05e595"
            ],
            "index": "pypi",
            "version": "==1.13.1"
        },
        "blinker": {
            "hashes": [
                "sha256:c3f865d4d54db7abc53758a01601cf343fe55b84c1de4e3fa910e420b438d5b9",
                "sha256:e6820ff6fa4e4d1d8e2747c2283749c3f547e4fee112b98555cdcdae32996182"
            ],
            "index": "pypi",
            "version": "==1.7.0"
        },
        "cachelib": {
            "hashes": [
                "sha256:209d8996e3c57595bee274ff97116d1d73c4980b2fd9a34c7846cd07fd2e1a48",
                "sha256:8c8019e53b6302967d4e8329a504acf75e7bc46130291d30188a6e4e58162516"
            ],
            "markers": "python_version >= '3.8'",
            "version": "==0.13.0"
        },
        "click": {
            "hashes": [
                "sha256:ae74fb96c20a0277a1d615f1e4d73c8414f5a98db8b799a7931d1582f3390c28",
                "sha256:ca9853ad459e787e2192211578cc907e7594e294c7ccc834310722b41b9ca6de"
            ],
            "index": "pypi",
            "version": "==8.1.7"
        },
        "decorator": {
            "hashes": [
                "sha256:637996211036b6385ef91435e4fae22989472f9d571faba8927ba8253acbc330",
                "sha256:b8c3f85900b9dc423225913c5aace94729fe1fa9763b38939a95226f02d37186"
            ],
            "index": "pypi",
            "version": "==5.1.1"
        },
        "dnspython": {
            "hashes": [
                "sha256:6facdf76b73c742ccf2d07add296f178e629da60be23ce4b0a9c927b1e02c3a6",
                "sha256:a0034815a59ba9ae888946be7ccca8f7c157b286f8455b379c692efb51022a15"
            ],
            "index": "pypi",
            "version": "==2.5.0"
        },
        "email-validator": {
            "hashes": [
                "sha256:200a70680ba08904be6d1eef729205cc0d687634399a5924d842533efb824b84",
                "sha256:97d882d174e2a65732fb43bfce81a3a834cbc1bde8bf419e30ef5ea976370a05"
            ],
            "markers": "python_version >= '3.8'",
            "version": "==2.1.1"
        },
        "flask": {
            "hashes": [
                "sha256:09c347a92aa7ff4a8e7f3206795f30d826654baf38b873d0744cd571ca609efc",
                "sha256:f69fcd559dc907ed196ab9df0e48471709175e696d6e698dd4dbe940f96ce66b"
            ],
            "index": "pypi",
            "version": "==2.3.3"
        },
        "flask-login": {
            "hashes": [
                "sha256:5e23d14a607ef12806c699590b89d0f0e0d67baeec599d75947bf9c147330333",
                "sha256:849b25b82a436bf830a054e74214074af59097171562ab10bfa999e6b78aae5d"
            ],
            "index": "pypi",
            "version": "==0.6.3"
        },
        "flask-mail": {
            "hashes": [
                "sha256:22e5eb9a940bf407bcf30410ecc3708f3c56cc44b29c34e1726fe85006935f41"
            ],
            "index": "pypi",
            "version": "==0.9.1"
        },
        "flask-migrate": {
            "hashes": [
                "sha256:613a2df703998e78716cace68cd83972960834424457f5b67f56e74fff950aef",
                "sha256:d3f437a8b5f3849d1bb1b60e1b818efc564c66e3fefe90b62e5db08db295e1b1"
            ],
            "index": "pypi",
            "version": "==4.0.5"
        },
        "flask-script": {
            "hashes": [
                "sha256:6425963d91054cfcc185807141c7314a9c5ad46325911bd24dcb489bd0161c65"
            ],
            "index": "pypi",
            "version": "==2.0.6"
        },
        "flask-session": {
            "hashes": [
                "sha256:b1ed06cf4c5a211305579a132e81307d242cec6fe2714a276405730ffd22a034",
                "sha256:dd77b6c5916021a540a8c188731c529596ad9ea382c07a24f9654355fa40c9ad"
            ],
            "index": "pypi",
            "version": "==0.6.0"
        },
        "flask-sqlalchemy": {
            "hashes": [
                "sha256:4ba4be7f419dc72f4efd8802d69974803c37259dd42f3913b0dcf75c9447e0a0",
                "sha256:e4b68bb881802dda1a7d878b2fc84c06d1ee57fb40b874d3dc97dabfa36b8312"
            ],
            "index": "pypi",
            "version": "==3.1.1"
        },
        "flask-wtf": {
            "hashes": [
                "sha256:8bb269eb9bb46b87e7c8233d7e7debdf1f8b74bf90cc1789988c29b37a97b695",
                "sha256:fa6793f2fb7e812e0fe9743b282118e581fb1b6c45d414b8af05e659bd653287"
            ],
            "index": "pypi",
            "version": "==1.2.1"
        },
        "greenlet": {
            "hashes": [
                "sha256:01bc7ea167cf943b4c802068e178bbf70ae2e8c080467070d01bfa02f337ee67",
                "sha256:0448abc479fab28b00cb472d278828b3ccca164531daab4e970a0458786055d6",
                "sha256:086152f8fbc5955df88382e8a75984e2bb1c892ad2e3c80a2508954e52295257",
                "sha256:098d86f528c855ead3479afe84b49242e174ed262456c342d70fc7f972bc13c4",
                "sha256:149e94a2dd82d19838fe4b2259f1b6b9957d5ba1b25640d2380bea9c5df37676",
                "sha256:1551a8195c0d4a68fac7a4325efac0d541b48def35feb49d803674ac32582f61",
                "sha256:15d79dd26056573940fcb8c7413d84118086f2ec1a8acdfa854631084393efcc",
                "sha256:1996cb9306c8595335bb157d133daf5cf9f693ef413e7673cb07e3e5871379ca",
                "sha256:1a7191e42732df52cb5f39d3527217e7ab73cae2cb3694d241e18f53d84ea9a7",
                "sha256:1ea188d4f49089fc6fb283845ab18a2518d279c7cd9da1065d7a84e991748728",
                "sha256:1f672519db1796ca0d8753f9e78ec02355e862d0998193038c7073045899f305",
                "sha256:2516a9957eed41dd8f1ec0c604f1cdc86758b587d964668b5b196a9db5bfcde6",
                "sha256:2797aa5aedac23af156bbb5a6aa2cd3427ada2972c828244eb7d1b9255846379",
                "sha256:2dd6e660effd852586b6a8478a1d244b8dc90ab5b1321751d2ea15deb49ed414",
                "sha256:3ddc0f794e6ad661e321caa8d2f0a55ce01213c74722587256fb6566049a8b04",
                "sha256:3ed7fb269f15dc662787f4119ec300ad0702fa1b19d2135a37c2c4de6fadfd4a",
                "sha256:419b386f84949bf0e7c73e6032e3457b82a787c1ab4a0e43732898a761cc9dbf",
                "sha256:43374442353259554ce33599da8b692d5aa96f8976d567d4badf263371fbe491",
                "sha256:52f59dd9c96ad2fc0d5724107444f76eb20aaccb675bf825df6435acb7703559",
                "sha256:57e8974f23e47dac22b83436bdcf23080ade568ce77df33159e019d161ce1d1e",
                "sha256:5b51e85cb5ceda94e79d019ed36b35386e8c37d22f07d6a751cb659b180d5274",
                "sha256:649dde7de1a5eceb258f9cb00bdf50e978c9db1b996964cd80703614c86495eb",
                "sha256:64d7675ad83578e3fc149b617a444fab8efdafc9385471f868eb5ff83e446b8b",
                "sha256:68834da854554926fbedd38c76e60c4a2e3198c6fbed520b106a8986445caaf9",
                "sha256:6b66c9c1e7ccabad3a7d037b2bcb740122a7b17a53734b7d72a344ce39882a1b",
                "sha256:70fb482fdf2c707765ab5f0b6655e9cfcf3780d8d87355a063547b41177599be",
                "sha256:7170375bcc99f1a2fbd9c306f5be8764eaf3ac6b5cb968862cad4c7057756506",
                "sha256:73a411ef564e0e097dbe7e866bb2dda0f027e072b04da387282b02c308807405",
                "sha256:77457465d89b8263bca14759d7c1684df840b6811b2499838cc5b040a8b5b113",
                "sha256:7f362975f2d179f9e26928c5b517524e89dd48530a0202570d55ad6ca5d8a56f",
                "sha256:81bb9c6d52e8321f09c3d165b2a78c680506d9af285bfccbad9fb7ad5a5da3e5",
                "sha256:881b7db1ebff4ba09aaaeae6aa491daeb226c8150fc20e836ad00041bcb11230",
                "sha256:894393ce10ceac937e56ec00bb71c4c2f8209ad516e96033e4b3b1de270e200d",
                "sha256:99bf650dc5d69546e076f413a87481ee1d2d09aaaaaca058c9251b6d8c14783f",
                "sha256:9da2bd29ed9e4f15955dd1595ad7bc9320308a3b766ef7f837e23ad4b4aac31a",
                "sha256:afaff6cf5200befd5cec055b07d1c0a5a06c040fe5ad148abcd11ba6ab9b114e",
                "sha256:b1b5667cced97081bf57b8fa1d6bfca67814b0afd38208d52538316e9422fc61",
                "sha256:b37eef18ea55f2ffd8f00ff8fe7c8d3818abd3e25fb73fae2ca3b672e333a7a6",
                "sha256:b542be2440edc2d48547b5923c408cbe0fc94afb9f18741faa6ae970dbcb9b6d",
                "sha256:b7dcbe92cc99f08c8dd11f930de4d99ef756c3591a5377d1d9cd7dd5e896da71",
                "sha256:b7f009caad047246ed379e1c4dbcb8b020f0a390667ea74d2387be2998f58a22",
                "sha256:bba5387a6975598857d86de9eac14210a49d554a77eb8261cc68b7d082f78ce2",
                "sha256:c5e1536de2aad7bf62e27baf79225d0d64360d4168cf2e6becb91baf1ed074f3",
                "sha256:c5ee858cfe08f34712f548c3c363e807e7186f03ad7a5039ebadb29e8c6be067",
                "sha256:c9db1c18f0eaad2f804728c67d6c610778456e3e1cc4ab4bbd5eeb8e6053c6fc",
                "sha256:d353cadd6083fdb056bb46ed07e4340b0869c305c8ca54ef9da3421acbdf6881",
                "sha256:d46677c85c5ba00a9cb6f7a00b2bfa6f812192d2c9f7d9c4f6a55b60216712f3",
                "sha256:d4d1ac74f5c0c0524e4a24335350edad7e5f03b9532da7ea4d3c54d527784f2e",
                "sha256:d73a9fe764d77f87f8ec26a0c85144d6a951a6c438dfe50487df5595c6373eac",
                "sha256:da70d4d51c8b306bb7a031d5cff6cc25ad253affe89b70352af5f1cb68e74b53",
                "sha256:daf3cb43b7cf2ba96d614252ce1684c1bccee6b2183a01328c98d36fcd7d5cb0",
                "sha256:dca1e2f3ca00b84a396bc1bce13dd21f680f035314d2379c4160c98153b2059b",
                "sha256:dd4f49ae60e10adbc94b45c0b5e6a179acc1736cf7a90160b404076ee283cf83",
                "sha256:e1f145462f1fa6e4a4ae3c0f782e580ce44d57c8f2c7aae1b6fa88c0b2efdb41",
                "sha256:e3391d1e16e2a5a1507d83e4a8b100f4ee626e8eca43cf2cadb543de69827c4c",
                "sha256:fcd2469d6a2cf298f198f0487e0a5b1a47a42ca0fa4dfd1b6862c999f018ebbf",
                "sha256:fd096eb7ffef17c456cfa587523c5f92321ae02427ff955bebe9e3c63bc9f0da",
                "sha256:fe754d231288e1e64323cfad462fcee8f0288654c10bdf4f603a39ed923bef33"
            ],
            "markers": "platform_machine == 'aarch64' or (platform_machine == 'ppc64le' or (platform_machine == 'x86_64' or (platform_machine == 'amd64' or (platform_machine == 'AMD64' or (platform_machine == 'win32' or platform_machine == 'WIN32')))))",
            "version": "==3.0.3"
        },
        "idna": {
            "hashes": [
                "sha256:028ff3aadf0609c1fd278d8ea3089299412a7a8b9bd005dd08b9f8285bcb5cfc",
                "sha256:82fee1fc78add43492d3a1898bfa6d8a904cc97d8427f683ed8e798d07761aa0"
            ],
            "markers": "python_version >= '3.5'",
            "version": "==3.7"
        },
        "importlib-metadata": {
            "hashes": [
                "sha256:4805911c3a4ec7c3966410053e9ec6a1fecd629117df5adee56dfc9432a1081e",
                "sha256:f238736bb06590ae52ac1fab06a3a9ef1d8dce2b7a35b5ab329371d6c8f5d2cc"
            ],
            "index": "pypi",
            "version": "==7.0.1"
        },
        "infinity": {
            "hashes": [
                "sha256:8daa7c15ce2100fdccfde212337e0cd5cf085869f54dc2634b6c30d61461ecda"
            ],
            "index": "pypi",
            "version": "==1.5"
        },
        "intervals": {
            "hashes": [
                "sha256:7c963abf7b4be2be40322b84e036af5d4ebec0945b5d29df7da1a638b3fea768",
                "sha256:c7ee568c583ca857c0d91af6d90ee5e0e8adef3f5646d0076bfb87305ae43090"
            ],
            "index": "pypi",
            "version": "==0.9.2"
        },
        "isodate": {
            "hashes": [
                "sha256:0751eece944162659049d35f4f549ed815792b38793f07cf73381c1c87cbed96",
                "sha256:48c5881de7e8b0a0d648cb024c8062dc84e7b840ed81e864c7614fd3c127bde9"
            ],
            "index": "pypi",
            "version": "==0.6.1"
        },
        "itsdangerous": {
            "hashes": [
                "sha256:2c2349112351b88699d8d4b6b075022c0808887cb7ad10069318a8b0bc88db44",
                "sha256:5dbbc68b317e5e42f327f9021763545dc3fc3bfe22e6deb96aaf1fc38874156a"
            ],
            "index": "pypi",
            "version": "==2.1.2"
        },
        "jinja2": {
            "hashes": [
                "sha256:7d6d50dd97d52cbc355597bd845fabfbac3f551e1f99619e39a35ce8c370b5fa",
                "sha256:ac8bd6544d4bb2c9792bf3a159e80bba8fda7f07e81bc3aed565432d5925ba90"
            ],
            "index": "pypi",
            "version": "==3.1.3"
        },
        "lxml": {
            "hashes": [
                "sha256:13521a321a25c641b9ea127ef478b580b5ec82aa2e9fc076c86169d161798b01",
                "sha256:14deca1460b4b0f6b01f1ddc9557704e8b365f55c63070463f6c18619ebf964f",
                "sha256:16018f7099245157564d7148165132c70adb272fb5a17c048ba70d9cc542a1a1",
                "sha256:16dd953fb719f0ffc5bc067428fc9e88f599e15723a85618c45847c96f11f431",
                "sha256:19a1bc898ae9f06bccb7c3e1dfd73897ecbbd2c96afe9095a6026016e5ca97b8",
                "sha256:1ad17c20e3666c035db502c78b86e58ff6b5991906e55bdbef94977700c72623",
                "sha256:22b7ee4c35f374e2c20337a95502057964d7e35b996b1c667b5c65c567d2252a",
                "sha256:24ef5a4631c0b6cceaf2dbca21687e29725b7c4e171f33a8f8ce23c12558ded1",
                "sha256:25663d6e99659544ee8fe1b89b1a8c0aaa5e34b103fab124b17fa958c4a324a6",
                "sha256:262bc5f512a66b527d026518507e78c2f9c2bd9eb5c8aeeb9f0eb43fcb69dc67",
                "sha256:280f3edf15c2a967d923bcfb1f8f15337ad36f93525828b40a0f9d6c2ad24890",
                "sha256:2ad3a8ce9e8a767131061a22cd28fdffa3cd2dc193f399ff7b81777f3520e372",
                "sha256:2befa20a13f1a75c751f47e00929fb3433d67eb9923c2c0b364de449121f447c",
                "sha256:2f37c6d7106a9d6f0708d4e164b707037b7380fcd0b04c5bd9cae1fb46a856fb",
                "sha256:304128394c9c22b6569eba2a6d98392b56fbdfbad58f83ea702530be80d0f9df",
                "sha256:342e95bddec3a698ac24378d61996b3ee5ba9acfeb253986002ac53c9a5f6f84",
                "sha256:3aeca824b38ca78d9ee2ab82bd9883083d0492d9d17df065ba3b94e88e4d7ee6",
                "sha256:3d184e0d5c918cff04cdde9dbdf9600e960161d773666958c9d7b565ccc60c45",
                "sha256:3e3898ae2b58eeafedfe99e542a17859017d72d7f6a63de0f04f99c2cb125936",
                "sha256:3eea6ed6e6c918e468e693c41ef07f3c3acc310b70ddd9cc72d9ef84bc9564ca",
                "sha256:3f14a4fb1c1c402a22e6a341a24c1341b4a3def81b41cd354386dcb795f83897",
                "sha256:436a943c2900bb98123b06437cdd30580a61340fbdb7b28aaf345a459c19046a",
                "sha256:4946e7f59b7b6a9e27bef34422f645e9a368cb2be11bf1ef3cafc39a1f6ba68d",
                "sha256:49a9b4af45e8b925e1cd6f3b15bbba2c81e7dba6dce170c677c9cda547411e14",
                "sha256:4f8b0c78e7aac24979ef09b7f50da871c2de2def043d468c4b41f512d831e912",
                "sha256:52427a7eadc98f9e62cb1368a5079ae826f94f05755d2d567d93ee1bc3ceb354",
                "sha256:5e53d7e6a98b64fe54775d23a7c669763451340c3d44ad5e3a3b48a1efbdc96f",
                "sha256:5fcfbebdb0c5d8d18b84118842f31965d59ee3e66996ac842e21f957eb76138c",
                "sha256:601f4a75797d7a770daed8b42b97cd1bb1ba18bd51a9382077a6a247a12aa38d",
                "sha256:61c5a7edbd7c695e54fca029ceb351fc45cd8860119a0f83e48be44e1c464862",
                "sha256:6a2a2c724d97c1eb8cf966b16ca2915566a4904b9aad2ed9a09c748ffe14f969",
                "sha256:6d48fc57e7c1e3df57be5ae8614bab6d4e7b60f65c5457915c26892c41afc59e",
                "sha256:6f11b77ec0979f7e4dc5ae081325a2946f1fe424148d3945f943ceaede98adb8",
                "sha256:704f5572ff473a5f897745abebc6df40f22d4133c1e0a1f124e4f2bd3330ff7e",
                "sha256:725e171e0b99a66ec8605ac77fa12239dbe061482ac854d25720e2294652eeaa",
                "sha256:7cfced4a069003d8913408e10ca8ed092c49a7f6cefee9bb74b6b3e860683b45",
                "sha256:7ec465e6549ed97e9f1e5ed51c657c9ede767bc1c11552f7f4d022c4df4a977a",
                "sha256:82bddf0e72cb2af3cbba7cec1d2fd11fda0de6be8f4492223d4a268713ef2147",
                "sha256:82cd34f1081ae4ea2ede3d52f71b7be313756e99b4b5f829f89b12da552d3aa3",
                "sha256:843b9c835580d52828d8f69ea4302537337a21e6b4f1ec711a52241ba4a824f3",
                "sha256:877efb968c3d7eb2dad540b6cabf2f1d3c0fbf4b2d309a3c141f79c7e0061324",
                "sha256:8b9f19df998761babaa7f09e6bc169294eefafd6149aaa272081cbddc7ba4ca3",
                "sha256:8cf5877f7ed384dabfdcc37922c3191bf27e55b498fecece9fd5c2c7aaa34c33",
                "sha256:8d2900b7f5318bc7ad8631d3d40190b95ef2aa8cc59473b73b294e4a55e9f30f",
                "sha256:8d7b4beebb178e9183138f552238f7e6613162a42164233e2bda00cb3afac58f",
                "sha256:8f52fe6859b9db71ee609b0c0a70fea5f1e71c3462ecf144ca800d3f434f0764",
                "sha256:98f3f020a2b736566c707c8e034945c02aa94e124c24f77ca097c446f81b01f1",
                "sha256:9aa543980ab1fbf1720969af1d99095a548ea42e00361e727c58a40832439114",
                "sha256:9b99f564659cfa704a2dd82d0684207b1aadf7d02d33e54845f9fc78e06b7581",
                "sha256:9bcf86dfc8ff3e992fed847c077bd875d9e0ba2fa25d859c3a0f0f76f07f0c8d",
                "sha256:9bd0ae7cc2b85320abd5e0abad5ccee5564ed5f0cc90245d2f9a8ef330a8deae",
                "sha256:9d3c0f8567ffe7502d969c2c1b809892dc793b5d0665f602aad19895f8d508da",
                "sha256:9e5ac3437746189a9b4121db2a7b86056ac8786b12e88838696899328fc44bb2",
                "sha256:a36c506e5f8aeb40680491d39ed94670487ce6614b9d27cabe45d94cd5d63e1e",
                "sha256:a5ab722ae5a873d8dcee1f5f45ddd93c34210aed44ff2dc643b5025981908cda",
                "sha256:a96f02ba1bcd330807fc060ed91d1f7a20853da6dd449e5da4b09bfcc08fdcf5",
                "sha256:acb6b2f96f60f70e7f34efe0c3ea34ca63f19ca63ce90019c6cbca6b676e81fa",
                "sha256:ae15347a88cf8af0949a9872b57a320d2605ae069bcdf047677318bc0bba45b1",
                "sha256:af8920ce4a55ff41167ddbc20077f5698c2e710ad3353d32a07d3264f3a2021e",
                "sha256:afd825e30f8d1f521713a5669b63657bcfe5980a916c95855060048b88e1adb7",
                "sha256:b21b4031b53d25b0858d4e124f2f9131ffc1530431c6d1321805c90da78388d1",
                "sha256:b4b68c961b5cc402cbd99cca5eb2547e46ce77260eb705f4d117fd9c3f932b95",
                "sha256:b66aa6357b265670bb574f050ffceefb98549c721cf28351b748be1ef9577d93",
                "sha256:b9e240ae0ba96477682aa87899d94ddec1cc7926f9df29b1dd57b39e797d5ab5",
                "sha256:bc64d1b1dab08f679fb89c368f4c05693f58a9faf744c4d390d7ed1d8223869b",
                "sha256:bf8443781533b8d37b295016a4b53c1494fa9a03573c09ca5104550c138d5c05",
                "sha256:c26aab6ea9c54d3bed716b8851c8bfc40cb249b8e9880e250d1eddde9f709bf5",
                "sha256:c3cd1fc1dc7c376c54440aeaaa0dcc803d2126732ff5c6b68ccd619f2e64be4f",
                "sha256:c7257171bb8d4432fe9d6fdde4d55fdbe663a63636a17f7f9aaba9bcb3153ad7",
                "sha256:d42e3a3fc18acc88b838efded0e6ec3edf3e328a58c68fbd36a7263a874906c8",
                "sha256:d74fcaf87132ffc0447b3c685a9f862ffb5b43e70ea6beec2fb8057d5d2a1fea",
                "sha256:d8c1d679df4361408b628f42b26a5d62bd3e9ba7f0c0e7969f925021554755aa",
                "sha256:e856c1c7255c739434489ec9c8aa9cdf5179785d10ff20add308b5d673bed5cd",
                "sha256:eac68f96539b32fce2c9b47eb7c25bb2582bdaf1bbb360d25f564ee9e04c542b",
                "sha256:ed7326563024b6e91fef6b6c7a1a2ff0a71b97793ac33dbbcf38f6005e51ff6e",
                "sha256:ed8c3d2cd329bf779b7ed38db176738f3f8be637bb395ce9629fc76f78afe3d4",
                "sha256:f4c9bda132ad108b387c33fabfea47866af87f4ea6ffb79418004f0521e63204",
                "sha256:f643ffd2669ffd4b5a3e9b41c909b72b2a1d5e4915da90a77e119b8d48ce867a"
            ],
            "index": "pypi",
            "version": "==5.1.0"
        },
        "mako": {
            "hashes": [
                "sha256:2a0c8ad7f6274271b3bb7467dd37cf9cc6dab4bc19cb69a4ef10669402de698e",
                "sha256:32a99d70754dfce237019d17ffe4a282d2d3351b9c476e90d8a60e63f133b80c"
            ],
            "index": "pypi",
            "version": "==1.3.2"
        },
        "markupsafe": {
            "hashes": [
                "sha256:0042d6a9880b38e1dd9ff83146cc3c9c18a059b9360ceae207805567aacccc69",
                "sha256:0c26f67b3fe27302d3a412b85ef696792c4a2386293c53ba683a89562f9399b0",
                "sha256:0fbad3d346df8f9d72622ac71b69565e621ada2ce6572f37c2eae8dacd60385d",
                "sha256:15866d7f2dc60cfdde12ebb4e75e41be862348b4728300c36cdf405e258415ec",
                "sha256:1c98c33ffe20e9a489145d97070a435ea0679fddaabcafe19982fe9c971987d5",
                "sha256:21e7af8091007bf4bebf4521184f4880a6acab8df0df52ef9e513d8e5db23411",
                "sha256:23984d1bdae01bee794267424af55eef4dfc038dc5d1272860669b2aa025c9e3",
                "sha256:31f57d64c336b8ccb1966d156932f3daa4fee74176b0fdc48ef580be774aae74",
                "sha256:3583a3a3ab7958e354dc1d25be74aee6228938312ee875a22330c4dc2e41beb0",
                "sha256:36d7626a8cca4d34216875aee5a1d3d654bb3dac201c1c003d182283e3205949",
                "sha256:396549cea79e8ca4ba65525470d534e8a41070e6b3500ce2414921099cb73e8d",
                "sha256:3a66c36a3864df95e4f62f9167c734b3b1192cb0851b43d7cc08040c074c6279",
                "sha256:3aae9af4cac263007fd6309c64c6ab4506dd2b79382d9d19a1994f9240b8db4f",
                "sha256:3ab3a886a237f6e9c9f4f7d272067e712cdb4efa774bef494dccad08f39d8ae6",
                "sha256:47bb5f0142b8b64ed1399b6b60f700a580335c8e1c57f2f15587bd072012decc",
                "sha256:49a3b78a5af63ec10d8604180380c13dcd870aba7928c1fe04e881d5c792dc4e",
                "sha256:4df98d4a9cd6a88d6a585852f56f2155c9cdb6aec78361a19f938810aa020954",
                "sha256:5045e892cfdaecc5b4c01822f353cf2c8feb88a6ec1c0adef2a2e705eef0f656",
                "sha256:5244324676254697fe5c181fc762284e2c5fceeb1c4e3e7f6aca2b6f107e60dc",
                "sha256:54635102ba3cf5da26eb6f96c4b8c53af8a9c0d97b64bdcb592596a6255d8518",
                "sha256:54a7e1380dfece8847c71bf7e33da5d084e9b889c75eca19100ef98027bd9f56",
                "sha256:55d03fea4c4e9fd0ad75dc2e7e2b6757b80c152c032ea1d1de487461d8140efc",
                "sha256:698e84142f3f884114ea8cf83e7a67ca8f4ace8454e78fe960646c6c91c63bfa",
                "sha256:6aa5e2e7fc9bc042ae82d8b79d795b9a62bd8f15ba1e7594e3db243f158b5565",
                "sha256:7653fa39578957bc42e5ebc15cf4361d9e0ee4b702d7d5ec96cdac860953c5b4",
                "sha256:765f036a3d00395a326df2835d8f86b637dbaf9832f90f5d196c3b8a7a5080cb",
                "sha256:78bc995e004681246e85e28e068111a4c3f35f34e6c62da1471e844ee1446250",
                "sha256:7a07f40ef8f0fbc5ef1000d0c78771f4d5ca03b4953fc162749772916b298fc4",
                "sha256:8b570a1537367b52396e53325769608f2a687ec9a4363647af1cded8928af959",
                "sha256:987d13fe1d23e12a66ca2073b8d2e2a75cec2ecb8eab43ff5624ba0ad42764bc",
                "sha256:9896fca4a8eb246defc8b2a7ac77ef7553b638e04fbf170bff78a40fa8a91474",
                "sha256:9e9e3c4020aa2dc62d5dd6743a69e399ce3de58320522948af6140ac959ab863",
                "sha256:a0b838c37ba596fcbfca71651a104a611543077156cb0a26fe0c475e1f152ee8",
                "sha256:a4d176cfdfde84f732c4a53109b293d05883e952bbba68b857ae446fa3119b4f",
                "sha256:a76055d5cb1c23485d7ddae533229039b850db711c554a12ea64a0fd8a0129e2",
                "sha256:a76cd37d229fc385738bd1ce4cba2a121cf26b53864c1772694ad0ad348e509e",
                "sha256:a7cc49ef48a3c7a0005a949f3c04f8baa5409d3f663a1b36f0eba9bfe2a0396e",
                "sha256:abf5ebbec056817057bfafc0445916bb688a255a5146f900445d081db08cbabb",
                "sha256:b0fe73bac2fed83839dbdbe6da84ae2a31c11cfc1c777a40dbd8ac8a6ed1560f",
                "sha256:b6f14a9cd50c3cb100eb94b3273131c80d102e19bb20253ac7bd7336118a673a",
                "sha256:b83041cda633871572f0d3c41dddd5582ad7d22f65a72eacd8d3d6d00291df26",
                "sha256:b835aba863195269ea358cecc21b400276747cc977492319fd7682b8cd2c253d",
                "sha256:bf1196dcc239e608605b716e7b166eb5faf4bc192f8a44b81e85251e62584bd2",
                "sha256:c669391319973e49a7c6230c218a1e3044710bc1ce4c8e6eb71f7e6d43a2c131",
                "sha256:c7556bafeaa0a50e2fe7dc86e0382dea349ebcad8f010d5a7dc6ba568eaaa789",
                "sha256:c8f253a84dbd2c63c19590fa86a032ef3d8cc18923b8049d91bcdeeb2581fbf6",
                "sha256:d18b66fe626ac412d96c2ab536306c736c66cf2a31c243a45025156cc190dc8a",
                "sha256:d5291d98cd3ad9a562883468c690a2a238c4a6388ab3bd155b0c75dd55ece858",
                "sha256:d5c31fe855c77cad679b302aabc42d724ed87c043b1432d457f4976add1c2c3e",
                "sha256:d6e427c7378c7f1b2bef6a344c925b8b63623d3321c09a237b7cc0e77dd98ceb",
                "sha256:dac1ebf6983148b45b5fa48593950f90ed6d1d26300604f321c74a9ca1609f8e",
                "sha256:de8153a7aae3835484ac168a9a9bdaa0c5eee4e0bc595503c95d53b942879c84",
                "sha256:e1a0d1924a5013d4f294087e00024ad25668234569289650929ab871231668e7",
                "sha256:e7902211afd0af05fbadcc9a312e4cf10f27b779cf1323e78d52377ae4b72bea",
                "sha256:e888ff76ceb39601c59e219f281466c6d7e66bd375b4ec1ce83bcdc68306796b",
                "sha256:f06e5a9e99b7df44640767842f414ed5d7bedaaa78cd817ce04bbd6fd86e2dd6",
                "sha256:f6be2d708a9d0e9b0054856f07ac7070fbe1754be40ca8525d5adccdbda8f475",
                "sha256:f9917691f410a2e0897d1ef99619fd3f7dd503647c8ff2475bf90c3cf222ad74",
                "sha256:fc1a75aa8f11b87910ffd98de62b29d6520b6d6e8a3de69a70ca34dea85d2a8a",
                "sha256:fe8512ed897d5daf089e5bd010c3dc03bb1bdae00b35588c49b98268d4a01e00"
            ],
            "index": "pypi",
            "markers": "python_version >= '3.7'",
            "version": "==2.1.4"
        },
        "phonenumbers": {
            "hashes": [
                "sha256:9d7863dc8a37e8127f3c9dde65be93a5b46649b779184f8b0a85bdd043b0b293",
                "sha256:a6c85b53e28410aba2f312255cc8015f384a43e7e241ffb84ca5cde80f094cdf"
            ],
            "index": "pypi",
            "version": "==8.13.29"
        },
        "psycopg2": {
            "hashes": [
                "sha256:121081ea2e76729acfb0673ff33755e8703d45e926e416cb59bae3a86c6a4981",
                "sha256:38a8dcc6856f569068b47de286b472b7c473ac7977243593a288ebce0dc89516",
                "sha256:426f9f29bde126913a20a96ff8ce7d73fd8a216cfb323b1f04da402d452853c3",
                "sha256:5e0d98cade4f0e0304d7d6f25bbfbc5bd186e07b38eac65379309c4ca3193efa",
                "sha256:7e2dacf8b009a1c1e843b5213a87f7c544b2b042476ed7755be813eaf4e8347a",
                "sha256:a7653d00b732afb6fc597e29c50ad28087dcb4fbfb28e86092277a559ae4e693",
                "sha256:ade01303ccf7ae12c356a5e10911c9e1c51136003a9a1d92f7aa9d010fb98372",
                "sha256:bac58c024c9922c23550af2a581998624d6e02350f4ae9c5f0bc642c633a2d5e",
                "sha256:c92811b2d4c9b6ea0285942b2e7cac98a59e166d59c588fe5cfe1eda58e72d59",
                "sha256:d1454bde93fb1e224166811694d600e746430c006fbb031ea06ecc2ea41bf156",
                "sha256:d735786acc7dd25815e89cc4ad529a43af779db2e25aa7c626de864127e5a024",
                "sha256:de80739447af31525feddeb8effd640782cf5998e1a4e9192ebdf829717e3913",
                "sha256:ff432630e510709564c01dafdbe996cb552e0b9f3f065eb89bdce5bd31fabf4c"
            ],
            "index": "pypi",
            "version": "==2.9.9"
        },
        "python-dotenv": {
            "hashes": [
                "sha256:e324ee90a023d808f1959c46bcbc04446a10ced277783dc6ee09987c37ec10ca",
                "sha256:f7b63ef50f1b690dddf550d03497b66d609393b40b564ed0d674909a68ebf16a"
            ],
            "index": "pypi",
            "version": "==1.0.1"
        },
        "python-editor": {
            "hashes": [
                "sha256:1bf6e860a8ad52a14c3ee1252d5dc25b2030618ed80c022598f00176adc8367d",
                "sha256:51fda6bcc5ddbbb7063b2af7509e43bd84bfc32a4ff71349ec7847713882327b",
                "sha256:5f98b069316ea1c2ed3f67e7f5df6c0d8f10b689964a4a811ff64f0106819ec8",
                "sha256:c3da2053dbab6b29c94e43c486ff67206eafbe7eb52dbec7390b5e2fb05aac77",
                "sha256:ea87e17f6ec459e780e4221f295411462e0d0810858e055fc514684350a2f522"
            ],
            "index": "pypi",
            "version": "==1.0.4"
        },
        "six": {
            "hashes": [
                "sha256:1e61c37477a1626458e36f7b1d82aa5c9b094fa4802892072e49de9c60c4c926",
                "sha256:8abb2f1d86890a2dfb989f9a77cfcfd3e47c2a354b01111771326f8aa26e0254"
            ],
            "index": "pypi",
            "version": "==1.16.0"
        },
        "sqlalchemy": {
            "hashes": [
                "sha256:0d3cab3076af2e4aa5693f89622bef7fa770c6fec967143e4da7508b3dceb9b9",
                "sha256:0dacf67aee53b16f365c589ce72e766efaabd2b145f9de7c917777b575e3659d",
                "sha256:10331f129982a19df4284ceac6fe87353ca3ca6b4ca77ff7d697209ae0a5915e",
                "sha256:14a6f68e8fc96e5e8f5647ef6cda6250c780612a573d99e4d881581432ef1669",
                "sha256:1b1180cda6df7af84fe72e4530f192231b1f29a7496951db4ff38dac1687202d",
                "sha256:29049e2c299b5ace92cbed0c1610a7a236f3baf4c6b66eb9547c01179f638ec5",
                "sha256:342d365988ba88ada8af320d43df4e0b13a694dbd75951f537b2d5e4cb5cd002",
                "sha256:420362338681eec03f53467804541a854617faed7272fe71a1bfdb07336a381e",
                "sha256:4344d059265cc8b1b1be351bfb88749294b87a8b2bbe21dfbe066c4199541ebd",
                "sha256:4f7a7d7fcc675d3d85fbf3b3828ecd5990b8d61bd6de3f1b260080b3beccf215",
                "sha256:555651adbb503ac7f4cb35834c5e4ae0819aab2cd24857a123370764dc7d7e24",
                "sha256:59a21853f5daeb50412d459cfb13cb82c089ad4c04ec208cd14dddd99fc23b39",
                "sha256:5fdd402169aa00df3142149940b3bf9ce7dde075928c1886d9a1df63d4b8de62",
                "sha256:605b6b059f4b57b277f75ace81cc5bc6335efcbcc4ccb9066695e515dbdb3900",
                "sha256:665f0a3954635b5b777a55111ababf44b4fc12b1f3ba0a435b602b6387ffd7cf",
                "sha256:6f9e2e59cbcc6ba1488404aad43de005d05ca56e069477b33ff74e91b6319735",
                "sha256:736ea78cd06de6c21ecba7416499e7236a22374561493b456a1f7ffbe3f6cdb4",
                "sha256:74b080c897563f81062b74e44f5a72fa44c2b373741a9ade701d5f789a10ba23",
                "sha256:75432b5b14dc2fff43c50435e248b45c7cdadef73388e5610852b95280ffd0e9",
                "sha256:75f99202324383d613ddd1f7455ac908dca9c2dd729ec8584c9541dd41822a2c",
                "sha256:790f533fa5c8901a62b6fef5811d48980adeb2f51f1290ade8b5e7ba990ba3de",
                "sha256:798f717ae7c806d67145f6ae94dc7c342d3222d3b9a311a784f371a4333212c7",
                "sha256:7c88f0c7dcc5f99bdb34b4fd9b69b93c89f893f454f40219fe923a3a2fd11625",
                "sha256:7d505815ac340568fd03f719446a589162d55c52f08abd77ba8964fbb7eb5b5f",
                "sha256:84daa0a2055df9ca0f148a64fdde12ac635e30edbca80e87df9b3aaf419e144a",
                "sha256:87d91043ea0dc65ee583026cb18e1b458d8ec5fc0a93637126b5fc0bc3ea68c4",
                "sha256:87f6e732bccd7dcf1741c00f1ecf33797383128bd1c90144ac8adc02cbb98643",
                "sha256:884272dcd3ad97f47702965a0e902b540541890f468d24bd1d98bcfe41c3f018",
                "sha256:8b8cb63d3ea63b29074dcd29da4dc6a97ad1349151f2d2949495418fd6e48db9",
                "sha256:91f7d9d1c4dd1f4f6e092874c128c11165eafcf7c963128f79e28f8445de82d5",
                "sha256:a2c69a7664fb2d54b8682dd774c3b54f67f84fa123cf84dda2a5f40dcaa04e08",
                "sha256:a3be4987e3ee9d9a380b66393b77a4cd6d742480c951a1c56a23c335caca4ce3",
                "sha256:a86b4240e67d4753dc3092d9511886795b3c2852abe599cffe108952f7af7ac3",
                "sha256:aa9373708763ef46782d10e950b49d0235bfe58facebd76917d3f5cbf5971aed",
                "sha256:b64b183d610b424a160b0d4d880995e935208fc043d0302dd29fee32d1ee3f95",
                "sha256:b801154027107461ee992ff4b5c09aa7cc6ec91ddfe50d02bca344918c3265c6",
                "sha256:bb209a73b8307f8fe4fe46f6ad5979649be01607f11af1eb94aa9e8a3aaf77f0",
                "sha256:bc8b7dabe8e67c4832891a5d322cec6d44ef02f432b4588390017f5cec186a84",
                "sha256:c51db269513917394faec5e5c00d6f83829742ba62e2ac4fa5c98d58be91662f",
                "sha256:c55731c116806836a5d678a70c84cb13f2cedba920212ba7dcad53260997666d",
                "sha256:cf18ff7fc9941b8fc23437cc3e68ed4ebeff3599eec6ef5eebf305f3d2e9a7c2",
                "sha256:d24f571990c05f6b36a396218f251f3e0dda916e0c687ef6fdca5072743208f5",
                "sha256:db854730a25db7c956423bb9fb4bdd1216c839a689bf9cc15fada0a7fb2f4570",
                "sha256:dc55990143cbd853a5d038c05e79284baedf3e299661389654551bd02a6a68d7",
                "sha256:e607cdd99cbf9bb80391f54446b86e16eea6ad309361942bf88318bcd452363c",
                "sha256:ecf6d4cda1f9f6cb0b45803a01ea7f034e2f1aed9475e883410812d9f9e3cfcf",
                "sha256:f2a159111a0f58fb034c93eeba211b4141137ec4b0a6e75789ab7a3ef3c7e7e3",
                "sha256:f37c0caf14b9e9b9e8f6dbc81bc56db06acb4363eba5a633167781a48ef036ed",
                "sha256:f5693145220517b5f42393e07a6898acdfe820e136c98663b971906120549da5"
            ],
            "index": "pypi",
            "version": "==2.0.25"
        },
        "sqlalchemy-utils": {
            "hashes": [
                "sha256:6c96b0768ea3f15c0dc56b363d386138c562752b84f647fb8d31a2223aaab801",
                "sha256:a2181bff01eeb84479e38571d2c0718eb52042f9afd8c194d0d02877e84b7d74"
            ],
            "index": "pypi",
            "version": "==0.41.1"
        },
        "typing-extensions": {
            "hashes": [
                "sha256:83f085bd5ca59c80295fc2a82ab5dac679cbe02b9f33f7d83af68e241bea51b0",
                "sha256:c1f94d72897edaf4ce775bb7558d5b79d8126906a14ea5ed1635921406c0387a"
            ],
            "markers": "python_version >= '3.8'",
            "version": "==4.11.0"
        },
        "validators": {
            "hashes": [
                "sha256:61cf7d4a62bbae559f2e54aed3b000cea9ff3e2fdbe463f51179b92c58c9585a",
                "sha256:77b2689b172eeeb600d9605ab86194641670cdb73b60afd577142a9397873370"
            ],
            "index": "pypi",
            "version": "==0.22.0"
        },
        "werkzeug": {
            "hashes": [
                "sha256:1bc0c2310d2fbb07b1dd1105eba2f7af72f322e1e455f2f93c993bee8c8a5f17",
                "sha256:a8dd59d4de28ca70471a34cba79bed5f7ef2e036a76b3ab0835474246eb41f8d"
            ],
            "index": "pypi",
            "markers": "python_version >= '3.8'",
            "version": "==3.0.6"
        },
        "wtforms": {
            "hashes": [
                "sha256:bf831c042829c8cdbad74c27575098d541d039b1faa74c771545ecac916f2c07",
                "sha256:f8d76180d7239c94c6322f7990ae1216dae3659b7aa1cee94b6318bdffb474b9"
            ],
            "index": "pypi",
            "version": "==3.1.2"
        },
        "wtforms-alchemy": {
            "hashes": [
                "sha256:7748494056bdd96a7566186b8f422180465c337b2e892ad8e82a063cd6c76ca7",
                "sha256:c14cec7f76e27351a5777182ff39fcba64b7c46a561401835426605e6c83f216"
            ],
            "index": "pypi",
            "version": "==0.18.0"
        },
        "wtforms-components": {
            "hashes": [
                "sha256:7d0d83dec6d5352c661e522be628f49c2de3aa78cd79c9caf0c1cc3bff4e3872"
            ],
            "index": "pypi",
            "version": "==0.10.5"
        },
        "xmlsec": {
            "hashes": [
                "sha256:004e8a82e26728bf8a60f8ece1ef3ffafdac30ef538139dfe28870e8503ca64a",
                "sha256:03ccba7dacf197850de954666af0221c740a5de631a80136362a1559223fab75",
                "sha256:0bae37b2920115cf00759ee9fb7841cbdebcef3a8a92734ab93ae8fa41ac581d",
                "sha256:0be3b7a28e54a03b87faf07fb3c6dc3e50a2c79b686718c3ad08300b8bf6bb67",
                "sha256:1072878301cb9243a54679e0520e6a5be2266c07a28b0ecef9e029d05a90ffcd",
                "sha256:12d90059308bb0c1b94bde065784e6852999d08b91bcb2048c17e62b954acb07",
                "sha256:147934bd39dfd840663fb6b920ea9201455fa886427975713f1b42d9f20b9b29",
                "sha256:19c86bab1498e4c2e56d8e2c878f461ccb6e56b67fd7522b0c8fda46d8910781",
                "sha256:1b9b5de6bc69fdec23147e5f712cb05dc86df105462f254f140d743cc680cc7b",
                "sha256:1eb3dcf244a52f796377112d8f238dbb522eb87facffb498425dc8582a84a6bf",
                "sha256:1fa1311f7489d050dde9028f5a2b5849c2927bb09c9a93491cb2f28fdc563912",
                "sha256:1fe23c2dd5f5dbcb24f40e2c1061e2672a32aabee7cf8ac5337036a485607d72",
                "sha256:204d3c586b8bd6f02a5d4c59850a8157205569d40c32567f49576fa5795d897d",
                "sha256:2401e162aaab7d9416c3405bac7a270e5f370988a0f1f46f0f29b735edba87e1",
                "sha256:28cd9f513cf01dc0c5b9d9f0728714ecde2e7f46b3b6f63de91f4ae32f3008b3",
                "sha256:2f84a1c509c52773365645a87949081ee9ea9c535cd452048cc8ca4ad3b45666",
                "sha256:330147ce59fbe56a9be5b2085d739c55a569f112576b3f1b33681f87416eaf33",
                "sha256:34c61ec0c0e70fda710290ae74b9efe1928d9242ed82c4eecf97aa696cff68e6",
                "sha256:38e035bf48300b7dbde2dd01d3b8569f8584fc9c73809be13886e6b6c77b74fb",
                "sha256:48e894ad3e7de373f56efc09d6a56f7eae73a8dd4cec8943313134849e9c6607",
                "sha256:4922afa9234d1c5763950b26c328a5320019e55eb6000272a79dfe54fee8e704",
                "sha256:4af81ce8044862ec865782efd353d22abdcd95b92364eef3c934de57ae6d5852",
                "sha256:4dea6df3ffcb65d0b215678c3a0fe7bbc66785d6eae81291296e372498bad43a",
                "sha256:4edd8db4df04bbac9c4a5ab4af855b74fe2bf2c248d07cac2e6d92a485f1a685",
                "sha256:4fac2a787ae3b9fb761f9aec6b9f10f2d1c1b87abb574ebd8ff68435bdc97e3d",
                "sha256:57fed3bc7943681c9ed4d2221600ab440f060d8d1a8f92f346f2b41effe175b8",
                "sha256:6566434e2e5c58e472362a6187f208601f1627a148683a6f92bd16479f1d9e20",
                "sha256:6679cec780386d848e7351d4b0de92c4483289ea4f0a2187e216159f939a4c6b",
                "sha256:73eabf5ef58189d81655058cf328c1dfa9893d89f1bff5fc941481f08533f338",
                "sha256:774d5d1e45f07f953c1cc14fd055c1063f0725f7248b6b0e681f59fd8638934d",
                "sha256:77749b338503fb6e151052c664064b34264f4168e2cb0cca1de78b7e5312a783",
                "sha256:7799a9ff3593f9dd43464e18b1a621640bffc40456c47c23383727f937dca7fc",
                "sha256:7882963e9cb9c0bd0e8c2715a29159a366417ff4a30d8baf42b05bc5cf249446",
                "sha256:7e8e0171916026cbe8e2022c959558d02086655fd3c3466f2bc0451b09cf9ee8",
                "sha256:82ac81deb7d7bf5cc8a748148948e5df5386597ff43fb92ec651cc5c7addb0e7",
                "sha256:86ff7b2711557c1087b72b0a1a88d82eafbf2a6d38b97309a6f7101d4a7041c3",
                "sha256:934f804f2f895bcdb86f1eaee236b661013560ee69ec108d29cdd6e5f292a2d9",
                "sha256:995e87acecc263a2f6f2aa3cc204268f651cac8f4d7a2047f11b2cd49979cc38",
                "sha256:a487c3d144f791c32f5e560aa27a705fba23171728b8a8511f36de053ff6bc93",
                "sha256:a98eadfcb0c3b23ccceb7a2f245811f8d784bd287640dcfe696a26b9db1e2fc0",
                "sha256:ad1634cabe0915fe2a12e142db0ed2daf5be80cbe3891a2cecbba0750195cc6b",
                "sha256:b109cdf717257fd4daa77c1d3ec8a3fb2a81318a6d06a36c55a8a53ae381ae5e",
                "sha256:b6dd86f440fec9242515c64f0be93fec8b4289287db1f6de2651eee9995aaecb",
                "sha256:b7ba2ea38e3d9efa520b14f3c0b7d99a7c055244ae5ba8bc9f4ca73b18f3a215",
                "sha256:ba3b39c493e3b04354615068a3218f30897fcc2f42c6d8986d0c1d63aca87782",
                "sha256:bd10ca3201f164482775a7ce61bf7ee9aade2e7d032046044dd0f6f52c91d79d",
                "sha256:bddd2a2328b4e08c8a112e06cf2cd2b4d281f4ad94df15b4cef18f06cdc49d78",
                "sha256:c12900e1903e289deb84eb893dca88591d6884d3e3cda4fb711b8812118416e8",
                "sha256:c42735cc68fdb4c6065cf0a0701dfff3a12a1734c63a36376349af9a5481f27b",
                "sha256:c4d41c83c8a2b8d8030204391ebeb6174fbdb044f0331653c4b5a4ce4150bcc0",
                "sha256:ce4e165a1436697e5e39587c4fba24db4545a5c9801e0d749f1afd09ad3ab901",
                "sha256:cf35a25be3eb6263b2e0544ba26294651113fab79064f994d347a2ca5973e8e2",
                "sha256:d0762f4232bce2c7f6c0af329db8b821b4460bbe123a2528fb5677d03db7a4b5",
                "sha256:dba457ff87c39cbae3c5020475a728d24bbd9d00376df9af9724cd3bb59ff07a",
                "sha256:df4aa0782a53032fd35e18dcd6d328d6126324bfcfdef0cb5c2856f25b4b6f94",
                "sha256:e6cbc914d77678db0c8bc39e723d994174633d18f9d6be4665ec29cce978a96d",
                "sha256:e732a75fcb6b84872b168f972fbbf3749baf76308635f14015d1d35ed0c5719c",
                "sha256:ed4034939d8566ccdcd3b4e4f23c63fd807fb8763ae5668d59a19e11640a8242"
            ],
            "index": "pypi",
            "version": "==1.3.14"
        },
        "zipp": {
            "hashes": [
                "sha256:206f5a15f2af3dbaee80769fb7dc6f249695e940acca08dfb2a4769fe61e538b",
                "sha256:2884ed22e7d8961de1c9a05142eb69a247f120291bc0206a00a7642f09b5b715"
            ],
            "markers": "python_version >= '3.8'",
            "version": "==3.18.1"
        }
    },
    "develop": {}
}
